
Microsoft Visual Studio Solution File, Format Version 12.00
# Visual Studio Version 17
VisualStudioVersion = 17.6.33829.357
MinimumVisualStudioVersion = 10.0.40219.1
Project("{FAE04EC0-301F-11D3-BF4B-00C04F79EFBC}") = "TiendaDeDiscos", "TiendaDeDiscos\TiendaDeDiscos.csproj", "{83D26463-0E9D-4894-8175-8C998B531C5E}"
EndProject
Project("{FAE04EC0-301F-11D3-BF4B-00C04F79EFBC}") = "Dominio", "Dominio\Dominio.csproj", "{5B6ED43C-3DC1-4AB9-837C-76345EDE987F}"
EndProject
Project("{FAE04EC0-301F-11D3-BF4B-00C04F79EFBC}") = "Negocio", "Logica\Negocio.csproj", "{B5E5553B-FCF4-48C8-8397-8DD4F9C0A9FF}"
EndProject
Project("{FAE04EC0-301F-11D3-BF4B-00C04F79EFBC}") = "Datos", "Datos\Datos.csproj", "{DF99EB1E-4300-4F4C-B245-4410601A2FA4}"
EndProject
Global
	GlobalSection(SolutionConfigurationPlatforms) = preSolution
		Debug|Any CPU = Debug|Any CPU
		Release|Any CPU = Release|Any CPU
	EndGlobalSection
	GlobalSection(ProjectConfigurationPlatforms) = postSolution
		{83D26463-0E9D-4894-8175-8C998B531C5E}.Debug|Any CPU.ActiveCfg = Debug|Any CPU
		{83D26463-0E9D-4894-8175-8C998B531C5E}.Debug|Any CPU.Build.0 = Debug|Any CPU
		{83D26463-0E9D-4894-8175-8C998B531C5E}.Release|Any CPU.ActiveCfg = Release|Any CPU
		{83D26463-0E9D-4894-8175-8C998B531C5E}.Release|Any CPU.Build.0 = Release|Any CPU
		{5B6ED43C-3DC1-4AB9-837C-76345EDE987F}.Debug|Any CPU.ActiveCfg = Debug|Any CPU
		{5B6ED43C-3DC1-4AB9-837C-76345EDE987F}.Debug|Any CPU.Build.0 = Debug|Any CPU
		{5B6ED43C-3DC1-4AB9-837C-76345EDE987F}.Release|Any CPU.ActiveCfg = Release|Any CPU
		{5B6ED43C-3DC1-4AB9-837C-76345EDE987F}.Release|Any CPU.Build.0 = Release|Any CPU
		{B5E5553B-FCF4-48C8-8397-8DD4F9C0A9FF}.Debug|Any CPU.ActiveCfg = Debug|Any CPU
		{B5E5553B-FCF4-48C8-8397-8DD4F9C0A9FF}.Debug|Any CPU.Build.0 = Debug|Any CPU
		{B5E5553B-FCF4-48C8-8397-8DD4F9C0A9FF}.Release|Any CPU.ActiveCfg = Release|Any CPU
		{B5E5553B-FCF4-48C8-8397-8DD4F9C0A9FF}.Release|Any CPU.Build.0 = Release|Any CPU
		{DF99EB1E-4300-4F4C-B245-4410601A2FA4}.Debug|Any CPU.ActiveCfg = Debug|Any CPU
		{DF99EB1E-4300-4F4C-B245-4410601A2FA4}.Debug|Any CPU.Build.0 = Debug|Any CPU
		{DF99EB1E-4300-4F4C-B245-4410601A2FA4}.Release|Any CPU.ActiveCfg = Release|Any CPU
		{DF99EB1E-4300-4F4C-B245-4410601A2FA4}.Release|Any CPU.Build.0 = Release|Any CPU
	EndGlobalSection
	GlobalSection(SolutionProperties) = preSolution
		HideSolutionNode = FALSE
	EndGlobalSection
	GlobalSection(ExtensibilityGlobals) = postSolution
		SolutionGuid = {C9CD158A-1099-4AD1-A71E-351E3374E270}
	EndGlobalSection
EndGlobal
